// !$*UTF8*$!
{
	archiveVersion = 1;
	classes = {
	};
	objectVersion = 51;
	objects = {

/* Begin PBXBuildFile section */
		3D6D1265EF2B68D24999C3A6 /* Pods_demoMap.framework in Frameworks */ = {isa = PBXBuildFile; fileRef = 0846983822186AC695C6D8E1 /* Pods_demoMap.framework */; };
		6BE91FA3F07A4695C1713A38 /* Pods_demoMap_demoMapUITests.framework in Frameworks */ = {isa = PBXBuildFile; fileRef = 41195B41AB73134A1D6A9EC2 /* Pods_demoMap_demoMapUITests.framework */; };
		BCAFA20026BBA38F00E1B7FE /* AppDelegate.swift in Sources */ = {isa = PBXBuildFile; fileRef = BCAFA1FF26BBA38F00E1B7FE /* AppDelegate.swift */; };
		BCAFA20226BBA38F00E1B7FE /* SceneDelegate.swift in Sources */ = {isa = PBXBuildFile; fileRef = BCAFA20126BBA38F00E1B7FE /* SceneDelegate.swift */; };
		BCAFA20426BBA38F00E1B7FE /* ViewController.swift in Sources */ = {isa = PBXBuildFile; fileRef = BCAFA20326BBA38F00E1B7FE /* ViewController.swift */; };
		BCAFA20726BBA38F00E1B7FE /* Main.storyboard in Resources */ = {isa = PBXBuildFile; fileRef = BCAFA20526BBA38F00E1B7FE /* Main.storyboard */; };
		BCAFA20A26BBA38F00E1B7FE /* demoMap.xcdatamodeld in Sources */ = {isa = PBXBuildFile; fileRef = BCAFA20826BBA38F00E1B7FE /* demoMap.xcdatamodeld */; };
		BCAFA20C26BBA39200E1B7FE /* Assets.xcassets in Resources */ = {isa = PBXBuildFile; fileRef = BCAFA20B26BBA39200E1B7FE /* Assets.xcassets */; };
		BCAFA20F26BBA39200E1B7FE /* LaunchScreen.storyboard in Resources */ = {isa = PBXBuildFile; fileRef = BCAFA20D26BBA39200E1B7FE /* LaunchScreen.storyboard */; };
		BCAFA21A26BBA39200E1B7FE /* demoMapTests.swift in Sources */ = {isa = PBXBuildFile; fileRef = BCAFA21926BBA39200E1B7FE /* demoMapTests.swift */; };
		BCAFA22526BBA39200E1B7FE /* demoMapUITests.swift in Sources */ = {isa = PBXBuildFile; fileRef = BCAFA22426BBA39200E1B7FE /* demoMapUITests.swift */; };
		BCAFA23326BBC63600E1B7FE /* BaseViewController.swift in Sources */ = {isa = PBXBuildFile; fileRef = BCAFA23226BBC63600E1B7FE /* BaseViewController.swift */; };
		DB50CD6B7371502AC46DE4F0 /* Pods_demoMapTests.framework in Frameworks */ = {isa = PBXBuildFile; fileRef = 7E4274038033BBE7FAF6EAF3 /* Pods_demoMapTests.framework */; };
/* End PBXBuildFile section */

/* Begin PBXContainerItemProxy section */
		BCAFA21626BBA39200E1B7FE /* PBXContainerItemProxy */ = {
			isa = PBXContainerItemProxy;
			containerPortal = BCAFA1F426BBA38F00E1B7FE /* Project object */;
			proxyType = 1;
			remoteGlobalIDString = BCAFA1FB26BBA38F00E1B7FE;
			remoteInfo = demoMap;
		};
		BCAFA22126BBA39200E1B7FE /* PBXContainerItemProxy */ = {
			isa = PBXContainerItemProxy;
			containerPortal = BCAFA1F426BBA38F00E1B7FE /* Project object */;
			proxyType = 1;
			remoteGlobalIDString = BCAFA1FB26BBA38F00E1B7FE;
			remoteInfo = demoMap;
		};
/* End PBXContainerItemProxy section */

/* Begin PBXFileReference section */
		0846983822186AC695C6D8E1 /* Pods_demoMap.framework */ = {isa = PBXFileReference; explicitFileType = wrapper.framework; includeInIndex = 0; path = Pods_demoMap.framework; sourceTree = BUILT_PRODUCTS_DIR; };
		0CE0F7AF0EE300D80797207E /* Pods-demoMap.release.xcconfig */ = {isa = PBXFileReference; includeInIndex = 1; lastKnownFileType = text.xcconfig; name = "Pods-demoMap.release.xcconfig"; path = "Target Support Files/Pods-demoMap/Pods-demoMap.release.xcconfig"; sourceTree = "<group>"; };
		1EB7A4963476B6E84D1A5038 /* Pods-demoMap-demoMapUITests.debug.xcconfig */ = {isa = PBXFileReference; includeInIndex = 1; lastKnownFileType = text.xcconfig; name = "Pods-demoMap-demoMapUITests.debug.xcconfig"; path = "Target Support Files/Pods-demoMap-demoMapUITests/Pods-demoMap-demoMapUITests.debug.xcconfig"; sourceTree = "<group>"; };
		3384DEF6DB4F409AB435FFF2 /* Pods-demoMapTests.release.xcconfig */ = {isa = PBXFileReference; includeInIndex = 1; lastKnownFileType = text.xcconfig; name = "Pods-demoMapTests.release.xcconfig"; path = "Target Support Files/Pods-demoMapTests/Pods-demoMapTests.release.xcconfig"; sourceTree = "<group>"; };
		41195B41AB73134A1D6A9EC2 /* Pods_demoMap_demoMapUITests.framework */ = {isa = PBXFileReference; explicitFileType = wrapper.framework; includeInIndex = 0; path = Pods_demoMap_demoMapUITests.framework; sourceTree = BUILT_PRODUCTS_DIR; };
		7E4274038033BBE7FAF6EAF3 /* Pods_demoMapTests.framework */ = {isa = PBXFileReference; explicitFileType = wrapper.framework; includeInIndex = 0; path = Pods_demoMapTests.framework; sourceTree = BUILT_PRODUCTS_DIR; };
		8ADC25D4E15E0A9FD9FE09E5 /* Pods-demoMapTests.debug.xcconfig */ = {isa = PBXFileReference; includeInIndex = 1; lastKnownFileType = text.xcconfig; name = "Pods-demoMapTests.debug.xcconfig"; path = "Target Support Files/Pods-demoMapTests/Pods-demoMapTests.debug.xcconfig"; sourceTree = "<group>"; };
		BCAFA1FC26BBA38F00E1B7FE /* demoMap.app */ = {isa = PBXFileReference; explicitFileType = wrapper.application; includeInIndex = 0; path = demoMap.app; sourceTree = BUILT_PRODUCTS_DIR; };
		BCAFA1FF26BBA38F00E1B7FE /* AppDelegate.swift */ = {isa = PBXFileReference; lastKnownFileType = sourcecode.swift; path = AppDelegate.swift; sourceTree = "<group>"; };
		BCAFA20126BBA38F00E1B7FE /* SceneDelegate.swift */ = {isa = PBXFileReference; lastKnownFileType = sourcecode.swift; path = SceneDelegate.swift; sourceTree = "<group>"; };
		BCAFA20326BBA38F00E1B7FE /* ViewController.swift */ = {isa = PBXFileReference; lastKnownFileType = sourcecode.swift; path = ViewController.swift; sourceTree = "<group>"; };
		BCAFA20626BBA38F00E1B7FE /* Base */ = {isa = PBXFileReference; lastKnownFileType = file.storyboard; name = Base; path = Base.lproj/Main.storyboard; sourceTree = "<group>"; };
		BCAFA20926BBA38F00E1B7FE /* demoMap.xcdatamodel */ = {isa = PBXFileReference; lastKnownFileType = wrapper.xcdatamodel; path = demoMap.xcdatamodel; sourceTree = "<group>"; };
		BCAFA20B26BBA39200E1B7FE /* Assets.xcassets */ = {isa = PBXFileReference; lastKnownFileType = folder.assetcatalog; path = Assets.xcassets; sourceTree = "<group>"; };
		BCAFA20E26BBA39200E1B7FE /* Base */ = {isa = PBXFileReference; lastKnownFileType = file.storyboard; name = Base; path = Base.lproj/LaunchScreen.storyboard; sourceTree = "<group>"; };
		BCAFA21026BBA39200E1B7FE /* Info.plist */ = {isa = PBXFileReference; lastKnownFileType = text.plist.xml; path = Info.plist; sourceTree = "<group>"; };
		BCAFA21526BBA39200E1B7FE /* demoMapTests.xctest */ = {isa = PBXFileReference; explicitFileType = wrapper.cfbundle; includeInIndex = 0; path = demoMapTests.xctest; sourceTree = BUILT_PRODUCTS_DIR; };
		BCAFA21926BBA39200E1B7FE /* demoMapTests.swift */ = {isa = PBXFileReference; lastKnownFileType = sourcecode.swift; path = demoMapTests.swift; sourceTree = "<group>"; };
		BCAFA21B26BBA39200E1B7FE /* Info.plist */ = {isa = PBXFileReference; lastKnownFileType = text.plist.xml; path = Info.plist; sourceTree = "<group>"; };
		BCAFA22026BBA39200E1B7FE /* demoMapUITests.xctest */ = {isa = PBXFileReference; explicitFileType = wrapper.cfbundle; includeInIndex = 0; path = demoMapUITests.xctest; sourceTree = BUILT_PRODUCTS_DIR; };
		BCAFA22426BBA39200E1B7FE /* demoMapUITests.swift */ = {isa = PBXFileReference; lastKnownFileType = sourcecode.swift; path = demoMapUITests.swift; sourceTree = "<group>"; };
		BCAFA22626BBA39200E1B7FE /* Info.plist */ = {isa = PBXFileReference; lastKnownFileType = text.plist.xml; path = Info.plist; sourceTree = "<group>"; };
		BCAFA23226BBC63600E1B7FE /* BaseViewController.swift */ = {isa = PBXFileReference; lastKnownFileType = sourcecode.swift; path = BaseViewController.swift; sourceTree = "<group>"; };
		C8B5F70414E6C9CABD4015C1 /* Pods-demoMap-demoMapUITests.release.xcconfig */ = {isa = PBXFileReference; includeInIndex = 1; lastKnownFileType = text.xcconfig; name = "Pods-demoMap-demoMapUITests.release.xcconfig"; path = "Target Support Files/Pods-demoMap-demoMapUITests/Pods-demoMap-demoMapUITests.release.xcconfig"; sourceTree = "<group>"; };
		CAEBD74C6913C75E829CE014 /* Pods-demoMap.debug.xcconfig */ = {isa = PBXFileReference; includeInIndex = 1; lastKnownFileType = text.xcconfig; name = "Pods-demoMap.debug.xcconfig"; path = "Target Support Files/Pods-demoMap/Pods-demoMap.debug.xcconfig"; sourceTree = "<group>"; };
/* End PBXFileReference section */

/* Begin PBXFrameworksBuildPhase section */
		BCAFA1F926BBA38F00E1B7FE /* Frameworks */ = {
			isa = PBXFrameworksBuildPhase;
			buildActionMask = 2147483647;
			files = (
				3D6D1265EF2B68D24999C3A6 /* Pods_demoMap.framework in Frameworks */,
			);
			runOnlyForDeploymentPostprocessing = 0;
		};
		BCAFA21226BBA39200E1B7FE /* Frameworks */ = {
			isa = PBXFrameworksBuildPhase;
			buildActionMask = 2147483647;
			files = (
				DB50CD6B7371502AC46DE4F0 /* Pods_demoMapTests.framework in Frameworks */,
			);
			runOnlyForDeploymentPostprocessing = 0;
		};
		BCAFA21D26BBA39200E1B7FE /* Frameworks */ = {
			isa = PBXFrameworksBuildPhase;
			buildActionMask = 2147483647;
			files = (
				6BE91FA3F07A4695C1713A38 /* Pods_demoMap_demoMapUITests.framework in Frameworks */,
			);
			runOnlyForDeploymentPostprocessing = 0;
		};
/* End PBXFrameworksBuildPhase section */

/* Begin PBXGroup section */
		BCAFA1F326BBA38F00E1B7FE = {
			isa = PBXGroup;
			children = (
				BCAFA1FE26BBA38F00E1B7FE /* demoMap */,
				BCAFA21826BBA39200E1B7FE /* demoMapTests */,
				BCAFA22326BBA39200E1B7FE /* demoMapUITests */,
				BCAFA1FD26BBA38F00E1B7FE /* Products */,
				D0EA3629975C2EA9D1DD3A98 /* Pods */,
				F883C8791E087B8338000BA1 /* Frameworks */,
			);
			sourceTree = "<group>";
		};
		BCAFA1FD26BBA38F00E1B7FE /* Products */ = {
			isa = PBXGroup;
			children = (
				BCAFA1FC26BBA38F00E1B7FE /* demoMap.app */,
				BCAFA21526BBA39200E1B7FE /* demoMapTests.xctest */,
				BCAFA22026BBA39200E1B7FE /* demoMapUITests.xctest */,
			);
			name = Products;
			sourceTree = "<group>";
		};
		BCAFA1FE26BBA38F00E1B7FE /* demoMap */ = {
			isa = PBXGroup;
			children = (
				BCAFA1FF26BBA38F00E1B7FE /* AppDelegate.swift */,
				BCAFA20126BBA38F00E1B7FE /* SceneDelegate.swift */,
				BCAFA20326BBA38F00E1B7FE /* ViewController.swift */,
				BCAFA20526BBA38F00E1B7FE /* Main.storyboard */,
				BCAFA20B26BBA39200E1B7FE /* Assets.xcassets */,
				BCAFA20D26BBA39200E1B7FE /* LaunchScreen.storyboard */,
				BCAFA21026BBA39200E1B7FE /* Info.plist */,
				BCAFA20826BBA38F00E1B7FE /* demoMap.xcdatamodeld */,
				BCAFA23226BBC63600E1B7FE /* BaseViewController.swift */,
			);
			path = demoMap;
			sourceTree = "<group>";
		};
		BCAFA21826BBA39200E1B7FE /* demoMapTests */ = {
			isa = PBXGroup;
			children = (
				BCAFA21926BBA39200E1B7FE /* demoMapTests.swift */,
				BCAFA21B26BBA39200E1B7FE /* Info.plist */,
			);
			path = demoMapTests;
			sourceTree = "<group>";
		};
		BCAFA22326BBA39200E1B7FE /* demoMapUITests */ = {
			isa = PBXGroup;
			children = (
				BCAFA22426BBA39200E1B7FE /* demoMapUITests.swift */,
				BCAFA22626BBA39200E1B7FE /* Info.plist */,
			);
			path = demoMapUITests;
			sourceTree = "<group>";
		};
		D0EA3629975C2EA9D1DD3A98 /* Pods */ = {
			isa = PBXGroup;
			children = (
				CAEBD74C6913C75E829CE014 /* Pods-demoMap.debug.xcconfig */,
				0CE0F7AF0EE300D80797207E /* Pods-demoMap.release.xcconfig */,
				1EB7A4963476B6E84D1A5038 /* Pods-demoMap-demoMapUITests.debug.xcconfig */,
				C8B5F70414E6C9CABD4015C1 /* Pods-demoMap-demoMapUITests.release.xcconfig */,
				8ADC25D4E15E0A9FD9FE09E5 /* Pods-demoMapTests.debug.xcconfig */,
				3384DEF6DB4F409AB435FFF2 /* Pods-demoMapTests.release.xcconfig */,
			);
			path = Pods;
			sourceTree = "<group>";
		};
		F883C8791E087B8338000BA1 /* Frameworks */ = {
			isa = PBXGroup;
			children = (
				0846983822186AC695C6D8E1 /* Pods_demoMap.framework */,
				41195B41AB73134A1D6A9EC2 /* Pods_demoMap_demoMapUITests.framework */,
				7E4274038033BBE7FAF6EAF3 /* Pods_demoMapTests.framework */,
			);
			name = Frameworks;
			sourceTree = "<group>";
		};
/* End PBXGroup section */

/* Begin PBXNativeTarget section */
		BCAFA1FB26BBA38F00E1B7FE /* demoMap */ = {
			isa = PBXNativeTarget;
			buildConfigurationList = BCAFA22926BBA39200E1B7FE /* Build configuration list for PBXNativeTarget "demoMap" */;
			buildPhases = (
				18AF38F9223AE97A332BAF6B /* [CP] Check Pods Manifest.lock */,
				BCAFA1F826BBA38F00E1B7FE /* Sources */,
				BCAFA1F926BBA38F00E1B7FE /* Frameworks */,
				BCAFA1FA26BBA38F00E1B7FE /* Resources */,
			);
			buildRules = (
			);
			dependencies = (
			);
			name = demoMap;
			productName = demoMap;
			productReference = BCAFA1FC26BBA38F00E1B7FE /* demoMap.app */;
			productType = "com.apple.product-type.application";
		};
		BCAFA21426BBA39200E1B7FE /* demoMapTests */ = {
			isa = PBXNativeTarget;
			buildConfigurationList = BCAFA22C26BBA39200E1B7FE /* Build configuration list for PBXNativeTarget "demoMapTests" */;
			buildPhases = (
				6BFFB7A5B9124638BA847777 /* [CP] Check Pods Manifest.lock */,
				BCAFA21126BBA39200E1B7FE /* Sources */,
				BCAFA21226BBA39200E1B7FE /* Frameworks */,
				BCAFA21326BBA39200E1B7FE /* Resources */,
			);
			buildRules = (
			);
			dependencies = (
				BCAFA21726BBA39200E1B7FE /* PBXTargetDependency */,
			);
			name = demoMapTests;
			productName = demoMapTests;
			productReference = BCAFA21526BBA39200E1B7FE /* demoMapTests.xctest */;
			productType = "com.apple.product-type.bundle.unit-test";
		};
		BCAFA21F26BBA39200E1B7FE /* demoMapUITests */ = {
			isa = PBXNativeTarget;
			buildConfigurationList = BCAFA22F26BBA39200E1B7FE /* Build configuration list for PBXNativeTarget "demoMapUITests" */;
			buildPhases = (
				B282F01EA1ED7EB2545D8341 /* [CP] Check Pods Manifest.lock */,
				BCAFA21C26BBA39200E1B7FE /* Sources */,
				BCAFA21D26BBA39200E1B7FE /* Frameworks */,
				BCAFA21E26BBA39200E1B7FE /* Resources */,
			);
			buildRules = (
			);
			dependencies = (
				BCAFA22226BBA39200E1B7FE /* PBXTargetDependency */,
			);
			name = demoMapUITests;
			productName = demoMapUITests;
			productReference = BCAFA22026BBA39200E1B7FE /* demoMapUITests.xctest */;
			productType = "com.apple.product-type.bundle.ui-testing";
		};
/* End PBXNativeTarget section */

/* Begin PBXProject section */
		BCAFA1F426BBA38F00E1B7FE /* Project object */ = {
			isa = PBXProject;
			attributes = {
				LastSwiftUpdateCheck = 1250;
				LastUpgradeCheck = 1250;
				TargetAttributes = {
					BCAFA1FB26BBA38F00E1B7FE = {
						CreatedOnToolsVersion = 12.5;
					};
					BCAFA21426BBA39200E1B7FE = {
						CreatedOnToolsVersion = 12.5;
						TestTargetID = BCAFA1FB26BBA38F00E1B7FE;
					};
					BCAFA21F26BBA39200E1B7FE = {
						CreatedOnToolsVersion = 12.5;
						TestTargetID = BCAFA1FB26BBA38F00E1B7FE;
					};
				};
			};
			buildConfigurationList = BCAFA1F726BBA38F00E1B7FE /* Build configuration list for PBXProject "demoMap" */;
			compatibilityVersion = "Xcode 9.3";
			developmentRegion = en;
			hasScannedForEncodings = 0;
			knownRegions = (
				en,
				Base,
			);
			mainGroup = BCAFA1F326BBA38F00E1B7FE;
			productRefGroup = BCAFA1FD26BBA38F00E1B7FE /* Products */;
			projectDirPath = "";
			projectRoot = "";
			targets = (
				BCAFA1FB26BBA38F00E1B7FE /* demoMap */,
				BCAFA21426BBA39200E1B7FE /* demoMapTests */,
				BCAFA21F26BBA39200E1B7FE /* demoMapUITests */,
			);
		};
/* End PBXProject section */

/* Begin PBXResourcesBuildPhase section */
		BCAFA1FA26BBA38F00E1B7FE /* Resources */ = {
			isa = PBXResourcesBuildPhase;
			buildActionMask = 2147483647;
			files = (
				BCAFA20F26BBA39200E1B7FE /* LaunchScreen.storyboard in Resources */,
				BCAFA20C26BBA39200E1B7FE /* Assets.xcassets in Resources */,
				BCAFA20726BBA38F00E1B7FE /* Main.storyboard in Resources */,
			);
			runOnlyForDeploymentPostprocessing = 0;
		};
		BCAFA21326BBA39200E1B7FE /* Resources */ = {
			isa = PBXResourcesBuildPhase;
			buildActionMask = 2147483647;
			files = (
			);
			runOnlyForDeploymentPostprocessing = 0;
		};
		BCAFA21E26BBA39200E1B7FE /* Resources */ = {
			isa = PBXResourcesBuildPhase;
			buildActionMask = 2147483647;
			files = (
			);
			runOnlyForDeploymentPostprocessing = 0;
		};
/* End PBXResourcesBuildPhase section */

/* Begin PBXShellScriptBuildPhase section */
		18AF38F9223AE97A332BAF6B /* [CP] Check Pods Manifest.lock */ = {
			isa = PBXShellScriptBuildPhase;
			buildActionMask = 2147483647;
			files = (
			);
			inputFileListPaths = (
			);
			inputPaths = (
				"${PODS_PODFILE_DIR_PATH}/Podfile.lock",
				"${PODS_ROOT}/Manifest.lock",
			);
			name = "[CP] Check Pods Manifest.lock";
			outputFileListPaths = (
			);
			outputPaths = (
				"$(DERIVED_FILE_DIR)/Pods-demoMap-checkManifestLockResult.txt",
			);
			runOnlyForDeploymentPostprocessing = 0;
			shellPath = /bin/sh;
			shellScript = "diff \"${PODS_PODFILE_DIR_PATH}/Podfile.lock\" \"${PODS_ROOT}/Manifest.lock\" > /dev/null\nif [ $? != 0 ] ; then\n    # print error to STDERR\n    echo \"error: The sandbox is not in sync with the Podfile.lock. Run 'pod install' or update your CocoaPods installation.\" >&2\n    exit 1\nfi\n# This output is used by Xcode 'outputs' to avoid re-running this script phase.\necho \"SUCCESS\" > \"${SCRIPT_OUTPUT_FILE_0}\"\n";
			showEnvVarsInLog = 0;
		};
		6BFFB7A5B9124638BA847777 /* [CP] Check Pods Manifest.lock */ = {
			isa = PBXShellScriptBuildPhase;
			buildActionMask = 2147483647;
			files = (
			);
			inputFileListPaths = (
			);
			inputPaths = (
				"${PODS_PODFILE_DIR_PATH}/Podfile.lock",
				"${PODS_ROOT}/Manifest.lock",
			);
			name = "[CP] Check Pods Manifest.lock";
			outputFileListPaths = (
			);
			outputPaths = (
				"$(DERIVED_FILE_DIR)/Pods-demoMapTests-checkManifestLockResult.txt",
			);
			runOnlyForDeploymentPostprocessing = 0;
			shellPath = /bin/sh;
			shellScript = "diff \"${PODS_PODFILE_DIR_PATH}/Podfile.lock\" \"${PODS_ROOT}/Manifest.lock\" > /dev/null\nif [ $? != 0 ] ; then\n    # print error to STDERR\n    echo \"error: The sandbox is not in sync with the Podfile.lock. Run 'pod install' or update your CocoaPods installation.\" >&2\n    exit 1\nfi\n# This output is used by Xcode 'outputs' to avoid re-running this script phase.\necho \"SUCCESS\" > \"${SCRIPT_OUTPUT_FILE_0}\"\n";
			showEnvVarsInLog = 0;
		};
		B282F01EA1ED7EB2545D8341 /* [CP] Check Pods Manifest.lock */ = {
			isa = PBXShellScriptBuildPhase;
			buildActionMask = 2147483647;
			files = (
			);
			inputFileListPaths = (
			);
			inputPaths = (
				"${PODS_PODFILE_DIR_PATH}/Podfile.lock",
				"${PODS_ROOT}/Manifest.lock",
			);
			name = "[CP] Check Pods Manifest.lock";
			outputFileListPaths = (
			);
			outputPaths = (
				"$(DERIVED_FILE_DIR)/Pods-demoMap-demoMapUITests-checkManifestLockResult.txt",
			);
			runOnlyForDeploymentPostprocessing = 0;
			shellPath = /bin/sh;
			shellScript = "diff \"${PODS_PODFILE_DIR_PATH}/Podfile.lock\" \"${PODS_ROOT}/Manifest.lock\" > /dev/null\nif [ $? != 0 ] ; then\n    # print error to STDERR\n    echo \"error: The sandbox is not in sync with the Podfile.lock. Run 'pod install' or update your CocoaPods installation.\" >&2\n    exit 1\nfi\n# This output is used by Xcode 'outputs' to avoid re-running this script phase.\necho \"SUCCESS\" > \"${SCRIPT_OUTPUT_FILE_0}\"\n";
			showEnvVarsInLog = 0;
		};
/* End PBXShellScriptBuildPhase section */

/* Begin PBXSourcesBuildPhase section */
		BCAFA1F826BBA38F00E1B7FE /* Sources */ = {
			isa = PBXSourcesBuildPhase;
			buildActionMask = 2147483647;
			files = (
				BCAFA23326BBC63600E1B7FE /* BaseViewController.swift in Sources */,
				BCAFA20426BBA38F00E1B7FE /* ViewController.swift in Sources */,
				BCAFA20026BBA38F00E1B7FE /* AppDelegate.swift in Sources */,
				BCAFA20226BBA38F00E1B7FE /* SceneDelegate.swift in Sources */,
				BCAFA20A26BBA38F00E1B7FE /* demoMap.xcdatamodeld in Sources */,
			);
			runOnlyForDeploymentPostprocessing = 0;
		};
		BCAFA21126BBA39200E1B7FE /* Sources */ = {
			isa = PBXSourcesBuildPhase;
			buildActionMask = 2147483647;
			files = (
				BCAFA21A26BBA39200E1B7FE /* demoMapTests.swift in Sources */,
			);
			runOnlyForDeploymentPostprocessing = 0;
		};
		BCAFA21C26BBA39200E1B7FE /* Sources */ = {
			isa = PBXSourcesBuildPhase;
			buildActionMask = 2147483647;
			files = (
				BCAFA22526BBA39200E1B7FE /* demoMapUITests.swift in Sources */,
			);
			runOnlyForDeploymentPostprocessing = 0;
		};
/* End PBXSourcesBuildPhase section */

/* Begin PBXTargetDependency section */
		BCAFA21726BBA39200E1B7FE /* PBXTargetDependency */ = {
			isa = PBXTargetDependency;
			target = BCAFA1FB26BBA38F00E1B7FE /* demoMap */;
			targetProxy = BCAFA21626BBA39200E1B7FE /* PBXContainerItemProxy */;
		};
		BCAFA22226BBA39200E1B7FE /* PBXTargetDependency */ = {
			isa = PBXTargetDependency;
			target = BCAFA1FB26BBA38F00E1B7FE /* demoMap */;
			targetProxy = BCAFA22126BBA39200E1B7FE /* PBXContainerItemProxy */;
		};
/* End PBXTargetDependency section */

/* Begin PBXVariantGroup section */
		BCAFA20526BBA38F00E1B7FE /* Main.storyboard */ = {
			isa = PBXVariantGroup;
			children = (
				BCAFA20626BBA38F00E1B7FE /* Base */,
			);
			name = Main.storyboard;
			sourceTree = "<group>";
		};
		BCAFA20D26BBA39200E1B7FE /* LaunchScreen.storyboard */ = {
			isa = PBXVariantGroup;
			children = (
				BCAFA20E26BBA39200E1B7FE /* Base */,
			);
			name = LaunchScreen.storyboard;
			sourceTree = "<group>";
		};
/* End PBXVariantGroup section */

/* Begin XCBuildConfiguration section */
		BCAFA22726BBA39200E1B7FE /* Debug */ = {
			isa = XCBuildConfiguration;
			buildSettings = {
				ALWAYS_SEARCH_USER_PATHS = NO;
				CLANG_ANALYZER_NONNULL = YES;
				CLANG_ANALYZER_NUMBER_OBJECT_CONVERSION = YES_AGGRESSIVE;
				CLANG_CXX_LANGUAGE_STANDARD = "gnu++14";
				CLANG_CXX_LIBRARY = "libc++";
				CLANG_ENABLE_MODULES = YES;
				CLANG_ENABLE_OBJC_ARC = YES;
				CLANG_ENABLE_OBJC_WEAK = YES;
				CLANG_WARN_BLOCK_CAPTURE_AUTORELEASING = YES;
				CLANG_WARN_BOOL_CONVERSION = YES;
				CLANG_WARN_COMMA = YES;
				CLANG_WARN_CONSTANT_CONVERSION = YES;
				CLANG_WARN_DEPRECATED_OBJC_IMPLEMENTATIONS = YES;
				CLANG_WARN_DIRECT_OBJC_ISA_USAGE = YES_ERROR;
				CLANG_WARN_DOCUMENTATION_COMMENTS = YES;
				CLANG_WARN_EMPTY_BODY = YES;
				CLANG_WARN_ENUM_CONVERSION = YES;
				CLANG_WARN_INFINITE_RECURSION = YES;
				CLANG_WARN_INT_CONVERSION = YES;
				CLANG_WARN_NON_LITERAL_NULL_CONVERSION = YES;
				CLANG_WARN_OBJC_IMPLICIT_RETAIN_SELF = YES;
				CLANG_WARN_OBJC_LITERAL_CONVERSION = YES;
				CLANG_WARN_OBJC_ROOT_CLASS = YES_ERROR;
				CLANG_WARN_QUOTED_INCLUDE_IN_FRAMEWORK_HEADER = YES;
				CLANG_WARN_RANGE_LOOP_ANALYSIS = YES;
				CLANG_WARN_STRICT_PROTOTYPES = YES;
				CLANG_WARN_SUSPICIOUS_MOVE = YES;
				CLANG_WARN_UNGUARDED_AVAILABILITY = YES_AGGRESSIVE;
				CLANG_WARN_UNREACHABLE_CODE = YES;
				CLANG_WARN__DUPLICATE_METHOD_MATCH = YES;
				COPY_PHASE_STRIP = NO;
				DEBUG_INFORMATION_FORMAT = dwarf;
				ENABLE_STRICT_OBJC_MSGSEND = YES;
				ENABLE_TESTABILITY = YES;
				GCC_C_LANGUAGE_STANDARD = gnu11;
				GCC_DYNAMIC_NO_PIC = NO;
				GCC_NO_COMMON_BLOCKS = YES;
				GCC_OPTIMIZATION_LEVEL = 0;
				GCC_PREPROCESSOR_DEFINITIONS = (
					"DEBUG=1",
					"$(inherited)",
				);
				GCC_WARN_64_TO_32_BIT_CONVERSION = YES;
				GCC_WARN_ABOUT_RETURN_TYPE = YES_ERROR;
				GCC_WARN_UNDECLARED_SELECTOR = YES;
				GCC_WARN_UNINITIALIZED_AUTOS = YES_AGGRESSIVE;
				GCC_WARN_UNUSED_FUNCTION = YES;
				GCC_WARN_UNUSED_VARIABLE = YES;
				IPHONEOS_DEPLOYMENT_TARGET = 14.5;
				MTL_ENABLE_DEBUG_INFO = INCLUDE_SOURCE;
				MTL_FAST_MATH = YES;
				ONLY_ACTIVE_ARCH = YES;
				SDKROOT = iphoneos;
				SWIFT_ACTIVE_COMPILATION_CONDITIONS = DEBUG;
				SWIFT_OPTIMIZATION_LEVEL = "-Onone";
			};
			name = Debug;
		};
		BCAFA22826BBA39200E1B7FE /* Release */ = {
			isa = XCBuildConfiguration;
			buildSettings = {
				ALWAYS_SEARCH_USER_PATHS = NO;
				CLANG_ANALYZER_NONNULL = YES;
				CLANG_ANALYZER_NUMBER_OBJECT_CONVERSION = YES_AGGRESSIVE;
				CLANG_CXX_LANGUAGE_STANDARD = "gnu++14";
				CLANG_CXX_LIBRARY = "libc++";
				CLANG_ENABLE_MODULES = YES;
				CLANG_ENABLE_OBJC_ARC = YES;
				CLANG_ENABLE_OBJC_WEAK = YES;
				CLANG_WARN_BLOCK_CAPTURE_AUTORELEASING = YES;
				CLANG_WARN_BOOL_CONVERSION = YES;
				CLANG_WARN_COMMA = YES;
				CLANG_WARN_CONSTANT_CONVERSION = YES;
				CLANG_WARN_DEPRECATED_OBJC_IMPLEMENTATIONS = YES;
				CLANG_WARN_DIRECT_OBJC_ISA_USAGE = YES_ERROR;
				CLANG_WARN_DOCUMENTATION_COMMENTS = YES;
				CLANG_WARN_EMPTY_BODY = YES;
				CLANG_WARN_ENUM_CONVERSION = YES;
				CLANG_WARN_INFINITE_RECURSION = YES;
				CLANG_WARN_INT_CONVERSION = YES;
				CLANG_WARN_NON_LITERAL_NULL_CONVERSION = YES;
				CLANG_WARN_OBJC_IMPLICIT_RETAIN_SELF = YES;
				CLANG_WARN_OBJC_LITERAL_CONVERSION = YES;
				CLANG_WARN_OBJC_ROOT_CLASS = YES_ERROR;
				CLANG_WARN_QUOTED_INCLUDE_IN_FRAMEWORK_HEADER = YES;
				CLANG_WARN_RANGE_LOOP_ANALYSIS = YES;
				CLANG_WARN_STRICT_PROTOTYPES = YES;
				CLANG_WARN_SUSPICIOUS_MOVE = YES;
				CLANG_WARN_UNGUARDED_AVAILABILITY = YES_AGGRESSIVE;
				CLANG_WARN_UNREACHABLE_CODE = YES;
				CLANG_WARN__DUPLICATE_METHOD_MATCH = YES;
				COPY_PHASE_STRIP = NO;
				DEBUG_INFORMATION_FORMAT = "dwarf-with-dsym";
				ENABLE_NS_ASSERTIONS = NO;
				ENABLE_STRICT_OBJC_MSGSEND = YES;
				GCC_C_LANGUAGE_STANDARD = gnu11;
				GCC_NO_COMMON_BLOCKS = YES;
				GCC_WARN_64_TO_32_BIT_CONVERSION = YES;
				GCC_WARN_ABOUT_RETURN_TYPE = YES_ERROR;
				GCC_WARN_UNDECLARED_SELECTOR = YES;
				GCC_WARN_UNINITIALIZED_AUTOS = YES_AGGRESSIVE;
				GCC_WARN_UNUSED_FUNCTION = YES;
				GCC_WARN_UNUSED_VARIABLE = YES;
				IPHONEOS_DEPLOYMENT_TARGET = 14.5;
				MTL_ENABLE_DEBUG_INFO = NO;
				MTL_FAST_MATH = YES;
				SDKROOT = iphoneos;
				SWIFT_COMPILATION_MODE = wholemodule;
				SWIFT_OPTIMIZATION_LEVEL = "-O";
				VALIDATE_PRODUCT = YES;
			};
			name = Release;
		};
		BCAFA22A26BBA39200E1B7FE /* Debug */ = {
			isa = XCBuildConfiguration;
			baseConfigurationReference = CAEBD74C6913C75E829CE014 /* Pods-demoMap.debug.xcconfig */;
			buildSettings = {
				ASSETCATALOG_COMPILER_APPICON_NAME = AppIcon;
				ASSETCATALOG_COMPILER_GLOBAL_ACCENT_COLOR_NAME = AccentColor;
				CODE_SIGN_IDENTITY = "Apple Development";
				CODE_SIGN_STYLE = Automatic;
				DEVELOPMENT_TEAM = V28J9PD692;
				INFOPLIST_FILE = demoMap/Info.plist;
				LD_RUNPATH_SEARCH_PATHS = (
					"$(inherited)",
					"@executable_path/Frameworks",
				);
				PRODUCT_BUNDLE_IDENTIFIER = com.demoMap.demoMaps;
				PRODUCT_NAME = "$(TARGET_NAME)";
				PROVISIONING_PROFILE_SPECIFIER = "";
				SWIFT_VERSION = 5.0;
				TARGETED_DEVICE_FAMILY = "1,2";
			};
			name = Debug;
		};
		BCAFA22B26BBA39200E1B7FE /* Release */ = {
			isa = XCBuildConfiguration;
			baseConfigurationReference = 0CE0F7AF0EE300D80797207E /* Pods-demoMap.release.xcconfig */;
			buildSettings = {
				ASSETCATALOG_COMPILER_APPICON_NAME = AppIcon;
				ASSETCATALOG_COMPILER_GLOBAL_ACCENT_COLOR_NAME = AccentColor;
				CODE_SIGN_IDENTITY = "Apple Development";
				CODE_SIGN_STYLE = Automatic;
				DEVELOPMENT_TEAM = V28J9PD692;
				INFOPLIST_FILE = demoMap/Info.plist;
				LD_RUNPATH_SEARCH_PATHS = (
					"$(inherited)",
					"@executable_path/Frameworks",
				);
				PRODUCT_BUNDLE_IDENTIFIER = com.demoMap.demoMaps;
				PRODUCT_NAME = "$(TARGET_NAME)";
				PROVISIONING_PROFILE_SPECIFIER = "";
				SWIFT_VERSION = 5.0;
				TARGETED_DEVICE_FAMILY = "1,2";
			};
			name = Release;
		};
		BCAFA22D26BBA39200E1B7FE /* Debug */ = {
			isa = XCBuildConfiguration;
			baseConfigurationReference = 8ADC25D4E15E0A9FD9FE09E5 /* Pods-demoMapTests.debug.xcconfig */;
			buildSettings = {
				ALWAYS_EMBED_SWIFT_STANDARD_LIBRARIES = YES;
				BUNDLE_LOADER = "$(TEST_HOST)";
				CODE_SIGN_STYLE = Automatic;
				DEVELOPMENT_TEAM = V28J9PD692;
				INFOPLIST_FILE = demoMapTests/Info.plist;
				IPHONEOS_DEPLOYMENT_TARGET = 14.5;
				LD_RUNPATH_SEARCH_PATHS = (
					"$(inherited)",
					"@executable_path/Frameworks",
					"@loader_path/Frameworks",
				);
				PRODUCT_BUNDLE_IDENTIFIER = com.demoMap.demoMapTests;
				PRODUCT_NAME = "$(TARGET_NAME)";
				SWIFT_VERSION = 5.0;
				TARGETED_DEVICE_FAMILY = "1,2";
				TEST_HOST = "$(BUILT_PRODUCTS_DIR)/demoMap.app/demoMap";
			};
			name = Debug;
		};
		BCAFA22E26BBA39200E1B7FE /* Release */ = {
			isa = XCBuildConfiguration;
			baseConfigurationReference = 3384DEF6DB4F409AB435FFF2 /* Pods-demoMapTests.release.xcconfig */;
			buildSettings = {
				ALWAYS_EMBED_SWIFT_STANDARD_LIBRARIES = YES;
				BUNDLE_LOADER = "$(TEST_HOST)";
				CODE_SIGN_STYLE = Automatic;
				DEVELOPMENT_TEAM = V28J9PD692;
				INFOPLIST_FILE = demoMapTests/Info.plist;
				IPHONEOS_DEPLOYMENT_TARGET = 14.5;
				LD_RUNPATH_SEARCH_PATHS = (
					"$(inherited)",
					"@executable_path/Frameworks",
					"@loader_path/Frameworks",
				);
				PRODUCT_BUNDLE_IDENTIFIER = com.demoMap.demoMapTests;
				PRODUCT_NAME = "$(TARGET_NAME)";
				SWIFT_VERSION = 5.0;
				TARGETED_DEVICE_FAMILY = "1,2";
				TEST_HOST = "$(BUILT_PRODUCTS_DIR)/demoMap.app/demoMap";
			};
			name = Release;
		};
		BCAFA23026BBA39200E1B7FE /* Debug */ = {
			isa = XCBuildConfiguration;
			baseConfigurationReference = 1EB7A4963476B6E84D1A5038 /* Pods-demoMap-demoMapUITests.debug.xcconfig */;
			buildSettings = {
				ALWAYS_EMBED_SWIFT_STANDARD_LIBRARIES = YES;
				CODE_SIGN_STYLE = Automatic;
				DEVELOPMENT_TEAM = V28J9PD692;
				INFOPLIST_FILE = demoMapUITests/Info.plist;
				LD_RUNPATH_SEARCH_PATHS = (
					"$(inherited)",
					"@executable_path/Frameworks",
					"@loader_path/Frameworks",
				);
				PRODUCT_BUNDLE_IDENTIFIER = com.demoMap.demoMapUITests;
				PRODUCT_NAME = "$(TARGET_NAME)";
				SWIFT_VERSION = 5.0;
				TARGETED_DEVICE_FAMILY = "1,2";
				TEST_TARGET_NAME = demoMap;
			};
			name = Debug;
		};
		BCAFA23126BBA39200E1B7FE /* Release */ = {
			isa = XCBuildConfiguration;
			baseConfigurationReference = C8B5F70414E6C9CABD4015C1 /* Pods-demoMap-demoMapUITests.release.xcconfig */;
			buildSettings = {
				ALWAYS_EMBED_SWIFT_STANDARD_LIBRARIES = YES;
				CODE_SIGN_STYLE = Automatic;
				DEVELOPMENT_TEAM = V28J9PD692;
				INFOPLIST_FILE = demoMapUITests/Info.plist;
				LD_RUNPATH_SEARCH_PATHS = (
					"$(inherited)",
					"@executable_path/Frameworks",
					"@loader_path/Frameworks",
				);
				PRODUCT_BUNDLE_IDENTIFIER = com.demoMap.demoMapUITests;
				PRODUCT_NAME = "$(TARGET_NAME)";
				SWIFT_VERSION = 5.0;
				TARGETED_DEVICE_FAMILY = "1,2";
				TEST_TARGET_NAME = demoMap;
			};
			name = Release;
		};
/* End XCBuildConfiguration section */

/* Begin XCConfigurationList section */
		BCAFA1F726BBA38F00E1B7FE /* Build configuration list for PBXProject "demoMap" */ = {
			isa = XCConfigurationList;
			buildConfigurations = (
				BCAFA22726BBA39200E1B7FE /* Debug */,
				BCAFA22826BBA39200E1B7FE /* Release */,
			);
			defaultConfigurationIsVisible = 0;
			defaultConfigurationName = Release;
		};
		BCAFA22926BBA39200E1B7FE /* Build configuration list for PBXNativeTarget "demoMap" */ = {
			isa = XCConfigurationList;
			buildConfigurations = (
				BCAFA22A26BBA39200E1B7FE /* Debug */,
				BCAFA22B26BBA39200E1B7FE /* Release */,
			);
			defaultConfigurationIsVisible = 0;
			defaultConfigurationName = Release;
		};
		BCAFA22C26BBA39200E1B7FE /* Build configuration list for PBXNativeTarget "demoMapTests" */ = {
			isa = XCConfigurationList;
			buildConfigurations = (
				BCAFA22D26BBA39200E1B7FE /* Debug */,
				BCAFA22E26BBA39200E1B7FE /* Release */,
			);
			defaultConfigurationIsVisible = 0;
			defaultConfigurationName = Release;
		};
		BCAFA22F26BBA39200E1B7FE /* Build configuration list for PBXNativeTarget "demoMapUITests" */ = {
			isa = XCConfigurationList;
			buildConfigurations = (
				BCAFA23026BBA39200E1B7FE /* Debug */,
				BCAFA23126BBA39200E1B7FE /* Release */,
			);
			defaultConfigurationIsVisible = 0;
			defaultConfigurationName = Release;
		};
/* End XCConfigurationList section */

/* Begin XCVersionGroup section */
		BCAFA20826BBA38F00E1B7FE /* demoMap.xcdatamodeld */ = {
			isa = XCVersionGroup;
			children = (
				BCAFA20926BBA38F00E1B7FE /* demoMap.xcdatamodel */,
			);
			currentVersion = BCAFA20926BBA38F00E1B7FE /* demoMap.xcdatamodel */;
			path = demoMap.xcdatamodeld;
			sourceTree = "<group>";
			versionGroupType = wrapper.xcdatamodel;
		};
/* End XCVersionGroup section */
	};
	rootObject = BCAFA1F426BBA38F00E1B7FE /* Project object */;
}
